
Microsoft Visual Studio Solution File, Format Version 12.00
# Visual Studio Version 17
VisualStudioVersion = 17.9.34701.34
MinimumVisualStudioVersion = 10.0.40219.1
Project("{FAE04EC0-301F-11D3-BF4B-00C04F79EFBC}") = "teste", "teste\teste.csproj", "{ACBED65A-7A08-4681-93A0-96AC513EFB52}"
EndProject
Global
	GlobalSection(SolutionConfigurationPlatforms) = preSolution
		Debug|Any CPU = Debug|Any CPU
		Release|Any CPU = Release|Any CPU
	EndGlobalSection
	GlobalSection(ProjectConfigurationPlatforms) = postSolution
		{ACBED65A-7A08-4681-93A0-96AC513EFB52}.Debug|Any CPU.ActiveCfg = Debug|Any CPU
		{ACBED65A-7A08-4681-93A0-96AC513EFB52}.Debug|Any CPU.Build.0 = Debug|Any CPU
		{ACBED65A-7A08-4681-93A0-96AC513EFB52}.Release|Any CPU.ActiveCfg = Release|Any CPU
		{ACBED65A-7A08-4681-93A0-96AC513EFB52}.Release|Any CPU.Build.0 = Release|Any CPU
	EndGlobalSection
	GlobalSection(SolutionProperties) = preSolution
		HideSolutionNode = FALSE
	EndGlobalSection
	GlobalSection(ExtensibilityGlobals) = postSolution
		SolutionGuid = {EBE0492A-9435-4E2C-AEFE-7F135B61B316}
	EndGlobalSection
EndGlobal
